{
  "name": "ModelMan",
  "lockfileVersion": 3,
  "requires": true,
  "packages": {
    "": {
      "dependencies": {
        "gltfpack": "^0.20.0"
      }
    },
    "node_modules/gltfpack": {
      "version": "0.20.0",
      "resolved": "https://registry.npmjs.org/gltfpack/-/gltfpack-0.20.0.tgz",
      "integrity": "sha512-+B1nEYM6iqtd46R02tSrrD+hP5bLWVuqkpMznZ++RKmQ/jYkIeNF79jIpUjaesbIg70xDV6YdE0kJEa9na+yHg==",
      "bin": {
        "gltfpack": "cli.js"
      }
    }
  }
}
